{"version":4,"terraform_version":"1.10.5","serial":11,"lineage":"a5027d47-3409-1ff9-76db-204ceddc4b96","outputs":{"ovh_login_link":{"value":"https://www.ovh.com/manager/#/public-cloud/pci/projects/b2876b0c9cc046cba656aa127a0b9faf","type":"string"},"tenant_id":{"value":"urn:v1:eu:resource:publicCloudProject:b2876b0c9cc046cba656aa127a0b9faf","type":"string"}},"resources":[{"mode":"data","type":"ovh_me","name":"myaccount","provider":"provider[\"registry.opentofu.org/ovh/ovh\"]","instances":[{"schema_version":0,"attributes":{"address":"Neue Mainzer Str. 31","area":null,"birth_city":null,"birth_day":null,"city":"Frankfurt am Main","company_national_identification_number":null,"corporation_type":null,"country":"DE","currency":[{"code":"EUR","symbol":"€"}],"customer_code":"4511-6421-95","email":"ovh@meshcloud.io","fax":null,"firstname":"Johannes","id":"rj1642195-ovh","italian_sdi":null,"language":"de_DE","legalform":"corporation","name":"Rudolph","national_identification_number":null,"nichandle":"rj1642195-ovh","organisation":"meshcloud gmbh","ovh_company":"ovh","ovh_subsidiary":"DE","phone":"+49.15124063509","phone_country":"DE","sex":null,"spare_email":null,"state":"complete","urn":"urn:v1:eu:resource:account:rj1642195-ovh","vat":"DE312576144","zip":"60311"},"sensitive_attributes":[]}]},{"mode":"data","type":"ovh_order_cart","name":"mycart","provider":"provider[\"registry.opentofu.org/ovh/ovh\"]","instances":[{"schema_version":0,"attributes":{"assign":false,"cart_id":"cec700c4-7197-40d9-a53c-0009404518d7","description":"","expire":"2025-09-11T10:30:43+02:00","id":"cec700c4-7197-40d9-a53c-0009404518d7","items":[],"ovh_subsidiary":"DE","read_only":false},"sensitive_attributes":[]}]},{"mode":"data","type":"ovh_order_cart_product_plan","name":"cloud","provider":"provider[\"registry.opentofu.org/ovh/ovh\"]","instances":[{"schema_version":0,"attributes":{"cart_id":"cec700c4-7197-40d9-a53c-0009404518d7","catalog_name":null,"id":"project.2018","plan_code":"project.2018","price_capacity":"renew","prices":[{"capacities":["installation"],"description":"rental for 1 month","duration":"P0D","interval":0,"maximum_quantity":1,"maximum_repeat":1,"minimum_quantity":1,"minimum_repeat":1,"price":[{"currency_code":"EUR","text":"0.00 €","value":0}],"price_in_ucents":0,"pricing_mode":"default","pricing_type":"rental"},{"capacities":["upgrade"],"description":"rental for 1 month","duration":"P0D","interval":0,"maximum_quantity":1,"maximum_repeat":1,"minimum_quantity":1,"minimum_repeat":1,"price":[{"currency_code":"EUR","text":"0.00 €","value":0}],"price_in_ucents":0,"pricing_mode":"default","pricing_type":"rental"},{"capacities":["renew"],"description":"rental for 1 month","duration":"P1M","interval":1,"maximum_quantity":1,"maximum_repeat":0,"minimum_quantity":1,"minimum_repeat":1,"price":[{"currency_code":"EUR","text":"0.00 €","value":0}],"price_in_ucents":0,"pricing_mode":"default","pricing_type":"rental"}],"product":"cloud","product_name":"Public Cloud Project","product_type":"delivery","selected_price":[{"capacities":["renew"],"description":"rental for 1 month","duration":"P1M","interval":1,"maximum_quantity":1,"maximum_repeat":0,"minimum_quantity":1,"minimum_repeat":1,"price":[{"currency_code":"EUR","text":"0.00 €","value":0}],"price_in_ucents":0,"pricing_mode":"default","pricing_type":"rental"}]},"sensitive_attributes":[]}]},{"mode":"managed","type":"ovh_cloud_project","name":"cloud_project","provider":"provider[\"registry.opentofu.org/ovh/ovh\"]","instances":[{"schema_version":0,"attributes":{"access":"full","description":"project-containerdays-prod2025","id":"b2876b0c9cc046cba656aa127a0b9faf","order":[{"date":"2025-09-08T10:27:27+02:00","details":[{"description":"/cloud project activation","domain":"b2876b0c9cc046cba656aa127a0b9faf","order_detail_id":1227431138,"quantity":"1"},{"description":"Public Cloud Project rental for 1 month","domain":"b2876b0c9cc046cba656aa127a0b9faf","order_detail_id":1227431136,"quantity":"1"},{"description":"Public Cloud Project rental for 1 month","domain":"b2876b0c9cc046cba656aa127a0b9faf","order_detail_id":1227431137,"quantity":"1"}],"expiration_date":"2025-09-22T23:29:59+02:00","order_id":234793456}],"ovh_subsidiary":"DE","payment_mean":null,"plan":[{"catalog_name":"","configuration":[],"duration":"P1M","plan_code":"project.2018","pricing_mode":"default"}],"plan_option":[],"project_id":"b2876b0c9cc046cba656aa127a0b9faf","project_name":"9308923705683765","status":"ok","urn":"urn:v1:eu:resource:publicCloudProject:b2876b0c9cc046cba656aa127a0b9faf"},"sensitive_attributes":[],"private":"bnVsbA==","dependencies":["data.ovh_me.myaccount","data.ovh_order_cart.mycart","data.ovh_order_cart_product_plan.cloud"]}]},{"mode":"managed","type":"ovh_iam_policy","name":"account_payment_read","provider":"provider[\"registry.opentofu.org/ovh/ovh\"]","instances":[{"index_key":0,"schema_version":0,"attributes":{"allow":["account:apiovh:me/payment/method/get"],"created_at":"2025-09-08T08:48:08.118521Z","deny":null,"description":"Allow viewing payment methods for all roles","except":null,"id":"f86bab45-36cc-45fd-aeb1-f0be1338b2e4","identities":["urn:v1:eu:identity:user:rj1642195-ovh/provider/ckraus@meshcloud.io","urn:v1:eu:identity:user:rj1642195-ovh/provider/fnowarre@meshcloud.io"],"name":"project-containerdays-prod2025-account-payment-read","owner":"rj1642195-ovh","permissions_groups":null,"read_only":null,"resources":["urn:v1:eu:resource:account:rj1642195-ovh"],"updated_at":null},"sensitive_attributes":[],"private":"bnVsbA=="}]},{"mode":"managed","type":"ovh_iam_policy","name":"admin","provider":"provider[\"registry.opentofu.org/ovh/ovh\"]","instances":[{"index_key":"admin","schema_version":0,"attributes":{"allow":["publicCloudProject:apiovh:*"],"created_at":"2025-09-08T08:27:46.526193Z","deny":null,"description":"Administrator full access policy for project-containerdays-prod2025","except":null,"id":"06db44ac-c55a-4c9a-a5e9-ce71dfea19c9","identities":["urn:v1:eu:identity:user:rj1642195-ovh/provider/fnowarre@meshcloud.io"],"name":"project-containerdays-prod2025-admin","owner":"rj1642195-ovh","permissions_groups":null,"read_only":null,"resources":["urn:v1:eu:resource:publicCloudProject:b2876b0c9cc046cba656aa127a0b9faf"],"updated_at":"2025-09-08T08:34:51.112766Z"},"sensitive_attributes":[],"private":"bnVsbA==","dependencies":["data.ovh_me.myaccount","data.ovh_order_cart.mycart","data.ovh_order_cart_product_plan.cloud","ovh_cloud_project.cloud_project"]}]},{"mode":"managed","type":"ovh_iam_policy","name":"user","provider":"provider[\"registry.opentofu.org/ovh/ovh\"]","instances":[{"index_key":"user","schema_version":0,"attributes":{"allow":["publicCloudProject:apiovh:*"],"created_at":"2025-09-08T08:27:46.510978Z","deny":["publicCloudProject:apiovh:*/delete","publicCloudProject:openstack:*"],"description":"User operate policy for project-containerdays-prod2025","except":["publicCloudProject:apiovh:*/delete","publicCloudProject:apiovh:*/edit","publicCloudProject:apiovh:*confirmTermination","publicCloudProject:apiovh:*iam/*","publicCloudProject:apiovh:*role/*","publicCloudProject:apiovh:*terminate","publicCloudProject:apiovh:region/storage/bulkDeleteObjects","publicCloudProject:apiovh:region/storage/delete","publicCloudProject:apiovh:region/storage/object/delete","publicCloudProject:apiovh:region/storage/object/version/delete","publicCloudProject:apiovh:storage/delete","publicCloudProject:apiovh:user/*","publicCloudProject:openstack:*"],"id":"3549c9c8-bbcb-40ca-babf-caabcb1fe5d4","identities":["urn:v1:eu:identity:user:rj1642195-ovh/provider/ckraus@meshcloud.io"],"name":"project-containerdays-prod2025-user","owner":"rj1642195-ovh","permissions_groups":null,"read_only":null,"resources":["urn:v1:eu:resource:publicCloudProject:b2876b0c9cc046cba656aa127a0b9faf"],"updated_at":"2025-09-08T08:34:51.098096Z"},"sensitive_attributes":[],"private":"bnVsbA==","dependencies":["data.ovh_me.myaccount","data.ovh_order_cart.mycart","data.ovh_order_cart_product_plan.cloud","ovh_cloud_project.cloud_project"]}]}],"check_results":null}
